// !$*UTF8*$!
{
	archiveVersion = 1;
	classes = {
	};
	objectVersion = 56;
	objects = {

/* Begin PBXBuildFile section */
		8FA8978B29F8D55F000FE50C /* MemoSwiftUIApp.swift in Sources */ = {isa = PBXBuildFile; fileRef = 8FA8978A29F8D55F000FE50C /* MemoSwiftUIApp.swift */; };
		8FA8978F29F8D561000FE50C /* Assets.xcassets in Resources */ = {isa = PBXBuildFile; fileRef = 8FA8978E29F8D561000FE50C /* Assets.xcassets */; };
		8FA8979229F8D561000FE50C /* Preview Assets.xcassets in Resources */ = {isa = PBXBuildFile; fileRef = 8FA8979129F8D561000FE50C /* Preview Assets.xcassets */; };
		8FA8979429F8D561000FE50C /* Persistence.swift in Sources */ = {isa = PBXBuildFile; fileRef = 8FA8979329F8D561000FE50C /* Persistence.swift */; };
		8FA8979729F8D561000FE50C /* MemoSwiftUI.xcdatamodeld in Sources */ = {isa = PBXBuildFile; fileRef = 8FA8979529F8D561000FE50C /* MemoSwiftUI.xcdatamodeld */; };
		8FA8979E29F8D572000FE50C /* MainListView.swift in Sources */ = {isa = PBXBuildFile; fileRef = 8FA8979D29F8D572000FE50C /* MainListView.swift */; };
		8FA897A229F8D590000FE50C /* Memo.swift in Sources */ = {isa = PBXBuildFile; fileRef = 8FA897A129F8D590000FE50C /* Memo.swift */; };
		8FA897A429F8D595000FE50C /* MemoStore.swift in Sources */ = {isa = PBXBuildFile; fileRef = 8FA897A329F8D595000FE50C /* MemoStore.swift */; };
		8FA897AB29F8ED45000FE50C /* MemoCell.swift in Sources */ = {isa = PBXBuildFile; fileRef = 8FA897AA29F8ED45000FE50C /* MemoCell.swift */; };
		8FA897AD29F8EDBC000FE50C /* ComposeView.swift in Sources */ = {isa = PBXBuildFile; fileRef = 8FA897AC29F8EDBC000FE50C /* ComposeView.swift */; };
/* End PBXBuildFile section */

/* Begin PBXFileReference section */
		8FA8978729F8D55F000FE50C /* MemoSwiftUI.app */ = {isa = PBXFileReference; explicitFileType = wrapper.application; includeInIndex = 0; path = MemoSwiftUI.app; sourceTree = BUILT_PRODUCTS_DIR; };
		8FA8978A29F8D55F000FE50C /* MemoSwiftUIApp.swift */ = {isa = PBXFileReference; lastKnownFileType = sourcecode.swift; path = MemoSwiftUIApp.swift; sourceTree = "<group>"; };
		8FA8978E29F8D561000FE50C /* Assets.xcassets */ = {isa = PBXFileReference; lastKnownFileType = folder.assetcatalog; path = Assets.xcassets; sourceTree = "<group>"; };
		8FA8979129F8D561000FE50C /* Preview Assets.xcassets */ = {isa = PBXFileReference; lastKnownFileType = folder.assetcatalog; path = "Preview Assets.xcassets"; sourceTree = "<group>"; };
		8FA8979329F8D561000FE50C /* Persistence.swift */ = {isa = PBXFileReference; lastKnownFileType = sourcecode.swift; path = Persistence.swift; sourceTree = "<group>"; };
		8FA8979629F8D561000FE50C /* MemoSwiftUI.xcdatamodel */ = {isa = PBXFileReference; lastKnownFileType = wrapper.xcdatamodel; path = MemoSwiftUI.xcdatamodel; sourceTree = "<group>"; };
		8FA8979D29F8D572000FE50C /* MainListView.swift */ = {isa = PBXFileReference; lastKnownFileType = sourcecode.swift; path = MainListView.swift; sourceTree = "<group>"; };
		8FA897A129F8D590000FE50C /* Memo.swift */ = {isa = PBXFileReference; lastKnownFileType = sourcecode.swift; path = Memo.swift; sourceTree = "<group>"; };
		8FA897A329F8D595000FE50C /* MemoStore.swift */ = {isa = PBXFileReference; lastKnownFileType = sourcecode.swift; path = MemoStore.swift; sourceTree = "<group>"; };
		8FA897AA29F8ED45000FE50C /* MemoCell.swift */ = {isa = PBXFileReference; lastKnownFileType = sourcecode.swift; path = MemoCell.swift; sourceTree = "<group>"; };
		8FA897AC29F8EDBC000FE50C /* ComposeView.swift */ = {isa = PBXFileReference; lastKnownFileType = sourcecode.swift; path = ComposeView.swift; sourceTree = "<group>"; };
/* End PBXFileReference section */

/* Begin PBXFrameworksBuildPhase section */
		8FA8978429F8D55F000FE50C /* Frameworks */ = {
			isa = PBXFrameworksBuildPhase;
			buildActionMask = 2147483647;
			files = (
			);
			runOnlyForDeploymentPostprocessing = 0;
		};
/* End PBXFrameworksBuildPhase section */

/* Begin PBXGroup section */
		8FA8977E29F8D55F000FE50C = {
			isa = PBXGroup;
			children = (
				8FA8978929F8D55F000FE50C /* MemoSwiftUI */,
				8FA8978829F8D55F000FE50C /* Products */,
			);
			sourceTree = "<group>";
		};
		8FA8978829F8D55F000FE50C /* Products */ = {
			isa = PBXGroup;
			children = (
				8FA8978729F8D55F000FE50C /* MemoSwiftUI.app */,
			);
			name = Products;
			sourceTree = "<group>";
		};
		8FA8978929F8D55F000FE50C /* MemoSwiftUI */ = {
			isa = PBXGroup;
			children = (
				8FA897A529F8ECE8000FE50C /* View */,
				8FA897A029F8D582000FE50C /* Memory */,
				8FA8979F29F8D57E000FE50C /* CoreData */,
				8FA8978A29F8D55F000FE50C /* MemoSwiftUIApp.swift */,
				8FA8978E29F8D561000FE50C /* Assets.xcassets */,
				8FA8979029F8D561000FE50C /* Preview Content */,
			);
			path = MemoSwiftUI;
			sourceTree = "<group>";
		};
		8FA8979029F8D561000FE50C /* Preview Content */ = {
			isa = PBXGroup;
			children = (
				8FA8979129F8D561000FE50C /* Preview Assets.xcassets */,
			);
			path = "Preview Content";
			sourceTree = "<group>";
		};
		8FA8979F29F8D57E000FE50C /* CoreData */ = {
			isa = PBXGroup;
			children = (
				8FA8979329F8D561000FE50C /* Persistence.swift */,
				8FA8979529F8D561000FE50C /* MemoSwiftUI.xcdatamodeld */,
			);
			path = CoreData;
			sourceTree = "<group>";
		};
		8FA897A029F8D582000FE50C /* Memory */ = {
			isa = PBXGroup;
			children = (
				8FA897A129F8D590000FE50C /* Memo.swift */,
				8FA897A329F8D595000FE50C /* MemoStore.swift */,
			);
			path = Memory;
			sourceTree = "<group>";
		};
		8FA897A529F8ECE8000FE50C /* View */ = {
			isa = PBXGroup;
			children = (
				8FA8979D29F8D572000FE50C /* MainListView.swift */,
				8FA897AA29F8ED45000FE50C /* MemoCell.swift */,
				8FA897AC29F8EDBC000FE50C /* ComposeView.swift */,
			);
			path = View;
			sourceTree = "<group>";
		};
/* End PBXGroup section */

/* Begin PBXNativeTarget section */
		8FA8978629F8D55F000FE50C /* MemoSwiftUI */ = {
			isa = PBXNativeTarget;
			buildConfigurationList = 8FA8979A29F8D561000FE50C /* Build configuration list for PBXNativeTarget "MemoSwiftUI" */;
			buildPhases = (
				8FA8978329F8D55F000FE50C /* Sources */,
				8FA8978429F8D55F000FE50C /* Frameworks */,
				8FA8978529F8D55F000FE50C /* Resources */,
			);
			buildRules = (
			);
			dependencies = (
			);
			name = MemoSwiftUI;
			productName = MemoSwiftUI;
			productReference = 8FA8978729F8D55F000FE50C /* MemoSwiftUI.app */;
			productType = "com.apple.product-type.application";
		};
/* End PBXNativeTarget section */

/* Begin PBXProject section */
		8FA8977F29F8D55F000FE50C /* Project object */ = {
			isa = PBXProject;
			attributes = {
				BuildIndependentTargetsInParallel = 1;
				LastSwiftUpdateCheck = 1430;
				LastUpgradeCheck = 1430;
				TargetAttributes = {
					8FA8978629F8D55F000FE50C = {
						CreatedOnToolsVersion = 14.3;
					};
				};
			};
			buildConfigurationList = 8FA8978229F8D55F000FE50C /* Build configuration list for PBXProject "MemoSwiftUI" */;
			compatibilityVersion = "Xcode 14.0";
			developmentRegion = en;
			hasScannedForEncodings = 0;
			knownRegions = (
				en,
				Base,
			);
			mainGroup = 8FA8977E29F8D55F000FE50C;
			productRefGroup = 8FA8978829F8D55F000FE50C /* Products */;
			projectDirPath = "";
			projectRoot = "";
			targets = (
				8FA8978629F8D55F000FE50C /* MemoSwiftUI */,
			);
		};
/* End PBXProject section */

/* Begin PBXResourcesBuildPhase section */
		8FA8978529F8D55F000FE50C /* Resources */ = {
			isa = PBXResourcesBuildPhase;
			buildActionMask = 2147483647;
			files = (
				8FA8979229F8D561000FE50C /* Preview Assets.xcassets in Resources */,
				8FA8978F29F8D561000FE50C /* Assets.xcassets in Resources */,
			);
			runOnlyForDeploymentPostprocessing = 0;
		};
/* End PBXResourcesBuildPhase section */

/* Begin PBXSourcesBuildPhase section */
		8FA8978329F8D55F000FE50C /* Sources */ = {
			isa = PBXSourcesBuildPhase;
			buildActionMask = 2147483647;
			files = (
				8FA897AB29F8ED45000FE50C /* MemoCell.swift in Sources */,
				8FA8979429F8D561000FE50C /* Persistence.swift in Sources */,
				8FA897A429F8D595000FE50C /* MemoStore.swift in Sources */,
				8FA8979E29F8D572000FE50C /* MainListView.swift in Sources */,
				8FA8979729F8D561000FE50C /* MemoSwiftUI.xcdatamodeld in Sources */,
				8FA897AD29F8EDBC000FE50C /* ComposeView.swift in Sources */,
				8FA8978B29F8D55F000FE50C /* MemoSwiftUIApp.swift in Sources */,
				8FA897A229F8D590000FE50C /* Memo.swift in Sources */,
			);
			runOnlyForDeploymentPostprocessing = 0;
		};
/* End PBXSourcesBuildPhase section */

/* Begin XCBuildConfiguration section */
		8FA8979829F8D561000FE50C /* Debug */ = {
			isa = XCBuildConfiguration;
			buildSettings = {
				ALWAYS_SEARCH_USER_PATHS = NO;
				CLANG_ANALYZER_NONNULL = YES;
				CLANG_ANALYZER_NUMBER_OBJECT_CONVERSION = YES_AGGRESSIVE;
				CLANG_CXX_LANGUAGE_STANDARD = "gnu++20";
				CLANG_ENABLE_MODULES = YES;
				CLANG_ENABLE_OBJC_ARC = YES;
				CLANG_ENABLE_OBJC_WEAK = YES;
				CLANG_WARN_BLOCK_CAPTURE_AUTORELEASING = YES;
				CLANG_WARN_BOOL_CONVERSION = YES;
				CLANG_WARN_COMMA = YES;
				CLANG_WARN_CONSTANT_CONVERSION = YES;
				CLANG_WARN_DEPRECATED_OBJC_IMPLEMENTATIONS = YES;
				CLANG_WARN_DIRECT_OBJC_ISA_USAGE = YES_ERROR;
				CLANG_WARN_DOCUMENTATION_COMMENTS = YES;
				CLANG_WARN_EMPTY_BODY = YES;
				CLANG_WARN_ENUM_CONVERSION = YES;
				CLANG_WARN_INFINITE_RECURSION = YES;
				CLANG_WARN_INT_CONVERSION = YES;
				CLANG_WARN_NON_LITERAL_NULL_CONVERSION = YES;
				CLANG_WARN_OBJC_IMPLICIT_RETAIN_SELF = YES;
				CLANG_WARN_OBJC_LITERAL_CONVERSION = YES;
				CLANG_WARN_OBJC_ROOT_CLASS = YES_ERROR;
				CLANG_WARN_QUOTED_INCLUDE_IN_FRAMEWORK_HEADER = YES;
				CLANG_WARN_RANGE_LOOP_ANALYSIS = YES;
				CLANG_WARN_STRICT_PROTOTYPES = YES;
				CLANG_WARN_SUSPICIOUS_MOVE = YES;
				CLANG_WARN_UNGUARDED_AVAILABILITY = YES_AGGRESSIVE;
				CLANG_WARN_UNREACHABLE_CODE = YES;
				CLANG_WARN__DUPLICATE_METHOD_MATCH = YES;
				COPY_PHASE_STRIP = NO;
				DEBUG_INFORMATION_FORMAT = dwarf;
				ENABLE_STRICT_OBJC_MSGSEND = YES;
				ENABLE_TESTABILITY = YES;
				GCC_C_LANGUAGE_STANDARD = gnu11;
				GCC_DYNAMIC_NO_PIC = NO;
				GCC_NO_COMMON_BLOCKS = YES;
				GCC_OPTIMIZATION_LEVEL = 0;
				GCC_PREPROCESSOR_DEFINITIONS = (
					"DEBUG=1",
					"$(inherited)",
				);
				GCC_WARN_64_TO_32_BIT_CONVERSION = YES;
				GCC_WARN_ABOUT_RETURN_TYPE = YES_ERROR;
				GCC_WARN_UNDECLARED_SELECTOR = YES;
				GCC_WARN_UNINITIALIZED_AUTOS = YES_AGGRESSIVE;
				GCC_WARN_UNUSED_FUNCTION = YES;
				GCC_WARN_UNUSED_VARIABLE = YES;
				IPHONEOS_DEPLOYMENT_TARGET = 16.4;
				MTL_ENABLE_DEBUG_INFO = INCLUDE_SOURCE;
				MTL_FAST_MATH = YES;
				ONLY_ACTIVE_ARCH = YES;
				SDKROOT = iphoneos;
				SWIFT_ACTIVE_COMPILATION_CONDITIONS = DEBUG;
				SWIFT_OPTIMIZATION_LEVEL = "-Onone";
			};
			name = Debug;
		};
		8FA8979929F8D561000FE50C /* Release */ = {
			isa = XCBuildConfiguration;
			buildSettings = {
				ALWAYS_SEARCH_USER_PATHS = NO;
				CLANG_ANALYZER_NONNULL = YES;
				CLANG_ANALYZER_NUMBER_OBJECT_CONVERSION = YES_AGGRESSIVE;
				CLANG_CXX_LANGUAGE_STANDARD = "gnu++20";
				CLANG_ENABLE_MODULES = YES;
				CLANG_ENABLE_OBJC_ARC = YES;
				CLANG_ENABLE_OBJC_WEAK = YES;
				CLANG_WARN_BLOCK_CAPTURE_AUTORELEASING = YES;
				CLANG_WARN_BOOL_CONVERSION = YES;
				CLANG_WARN_COMMA = YES;
				CLANG_WARN_CONSTANT_CONVERSION = YES;
				CLANG_WARN_DEPRECATED_OBJC_IMPLEMENTATIONS = YES;
				CLANG_WARN_DIRECT_OBJC_ISA_USAGE = YES_ERROR;
				CLANG_WARN_DOCUMENTATION_COMMENTS = YES;
				CLANG_WARN_EMPTY_BODY = YES;
				CLANG_WARN_ENUM_CONVERSION = YES;
				CLANG_WARN_INFINITE_RECURSION = YES;
				CLANG_WARN_INT_CONVERSION = YES;
				CLANG_WARN_NON_LITERAL_NULL_CONVERSION = YES;
				CLANG_WARN_OBJC_IMPLICIT_RETAIN_SELF = YES;
				CLANG_WARN_OBJC_LITERAL_CONVERSION = YES;
				CLANG_WARN_OBJC_ROOT_CLASS = YES_ERROR;
				CLANG_WARN_QUOTED_INCLUDE_IN_FRAMEWORK_HEADER = YES;
				CLANG_WARN_RANGE_LOOP_ANALYSIS = YES;
				CLANG_WARN_STRICT_PROTOTYPES = YES;
				CLANG_WARN_SUSPICIOUS_MOVE = YES;
				CLANG_WARN_UNGUARDED_AVAILABILITY = YES_AGGRESSIVE;
				CLANG_WARN_UNREACHABLE_CODE = YES;
				CLANG_WARN__DUPLICATE_METHOD_MATCH = YES;
				COPY_PHASE_STRIP = NO;
				DEBUG_INFORMATION_FORMAT = "dwarf-with-dsym";
				ENABLE_NS_ASSERTIONS = NO;
				ENABLE_STRICT_OBJC_MSGSEND = YES;
				GCC_C_LANGUAGE_STANDARD = gnu11;
				GCC_NO_COMMON_BLOCKS = YES;
				GCC_WARN_64_TO_32_BIT_CONVERSION = YES;
				GCC_WARN_ABOUT_RETURN_TYPE = YES_ERROR;
				GCC_WARN_UNDECLARED_SELECTOR = YES;
				GCC_WARN_UNINITIALIZED_AUTOS = YES_AGGRESSIVE;
				GCC_WARN_UNUSED_FUNCTION = YES;
				GCC_WARN_UNUSED_VARIABLE = YES;
				IPHONEOS_DEPLOYMENT_TARGET = 16.4;
				MTL_ENABLE_DEBUG_INFO = NO;
				MTL_FAST_MATH = YES;
				SDKROOT = iphoneos;
				SWIFT_COMPILATION_MODE = wholemodule;
				SWIFT_OPTIMIZATION_LEVEL = "-O";
				VALIDATE_PRODUCT = YES;
			};
			name = Release;
		};
		8FA8979B29F8D561000FE50C /* Debug */ = {
			isa = XCBuildConfiguration;
			buildSettings = {
				ASSETCATALOG_COMPILER_APPICON_NAME = AppIcon;
				ASSETCATALOG_COMPILER_GLOBAL_ACCENT_COLOR_NAME = AccentColor;
				CODE_SIGN_STYLE = Automatic;
				CURRENT_PROJECT_VERSION = 1;
				DEVELOPMENT_ASSET_PATHS = "\"MemoSwiftUI/Preview Content\"";
				DEVELOPMENT_TEAM = 89BLGRU39K;
				ENABLE_PREVIEWS = YES;
				GENERATE_INFOPLIST_FILE = YES;
				INFOPLIST_KEY_UIApplicationSceneManifest_Generation = YES;
				INFOPLIST_KEY_UIApplicationSupportsIndirectInputEvents = YES;
				INFOPLIST_KEY_UILaunchScreen_Generation = YES;
				INFOPLIST_KEY_UISupportedInterfaceOrientations_iPad = "UIInterfaceOrientationPortrait UIInterfaceOrientationPortraitUpsideDown UIInterfaceOrientationLandscapeLeft UIInterfaceOrientationLandscapeRight";
				INFOPLIST_KEY_UISupportedInterfaceOrientations_iPhone = "UIInterfaceOrientationPortrait UIInterfaceOrientationLandscapeLeft UIInterfaceOrientationLandscapeRight";
				LD_RUNPATH_SEARCH_PATHS = (
					"$(inherited)",
					"@executable_path/Frameworks",
				);
				MARKETING_VERSION = 1.0;
				PRODUCT_BUNDLE_IDENTIFIER = com.hsuuuk.MemoSwiftUI;
				PRODUCT_NAME = "$(TARGET_NAME)";
				SWIFT_EMIT_LOC_STRINGS = YES;
				SWIFT_VERSION = 5.0;
				TARGETED_DEVICE_FAMILY = "1,2";
			};
			name = Debug;
		};
		8FA8979C29F8D561000FE50C /* Release */ = {
			isa = XCBuildConfiguration;
			buildSettings = {
				ASSETCATALOG_COMPILER_APPICON_NAME = AppIcon;
				ASSETCATALOG_COMPILER_GLOBAL_ACCENT_COLOR_NAME = AccentColor;
				CODE_SIGN_STYLE = Automatic;
				CURRENT_PROJECT_VERSION = 1;
				DEVELOPMENT_ASSET_PATHS = "\"MemoSwiftUI/Preview Content\"";
				DEVELOPMENT_TEAM = 89BLGRU39K;
				ENABLE_PREVIEWS = YES;
				GENERATE_INFOPLIST_FILE = YES;
				INFOPLIST_KEY_UIApplicationSceneManifest_Generation = YES;
				INFOPLIST_KEY_UIApplicationSupportsIndirectInputEvents = YES;
				INFOPLIST_KEY_UILaunchScreen_Generation = YES;
				INFOPLIST_KEY_UISupportedInterfaceOrientations_iPad = "UIInterfaceOrientationPortrait UIInterfaceOrientationPortraitUpsideDown UIInterfaceOrientationLandscapeLeft UIInterfaceOrientationLandscapeRight";
				INFOPLIST_KEY_UISupportedInterfaceOrientations_iPhone = "UIInterfaceOrientationPortrait UIInterfaceOrientationLandscapeLeft UIInterfaceOrientationLandscapeRight";
				LD_RUNPATH_SEARCH_PATHS = (
					"$(inherited)",
					"@executable_path/Frameworks",
				);
				MARKETING_VERSION = 1.0;
				PRODUCT_BUNDLE_IDENTIFIER = com.hsuuuk.MemoSwiftUI;
				PRODUCT_NAME = "$(TARGET_NAME)";
				SWIFT_EMIT_LOC_STRINGS = YES;
				SWIFT_VERSION = 5.0;
				TARGETED_DEVICE_FAMILY = "1,2";
			};
			name = Release;
		};
/* End XCBuildConfiguration section */

/* Begin XCConfigurationList section */
		8FA8978229F8D55F000FE50C /* Build configuration list for PBXProject "MemoSwiftUI" */ = {
			isa = XCConfigurationList;
			buildConfigurations = (
				8FA8979829F8D561000FE50C /* Debug */,
				8FA8979929F8D561000FE50C /* Release */,
			);
			defaultConfigurationIsVisible = 0;
			defaultConfigurationName = Release;
		};
		8FA8979A29F8D561000FE50C /* Build configuration list for PBXNativeTarget "MemoSwiftUI" */ = {
			isa = XCConfigurationList;
			buildConfigurations = (
				8FA8979B29F8D561000FE50C /* Debug */,
				8FA8979C29F8D561000FE50C /* Release */,
			);
			defaultConfigurationIsVisible = 0;
			defaultConfigurationName = Release;
		};
/* End XCConfigurationList section */

/* Begin XCVersionGroup section */
		8FA8979529F8D561000FE50C /* MemoSwiftUI.xcdatamodeld */ = {
			isa = XCVersionGroup;
			children = (
				8FA8979629F8D561000FE50C /* MemoSwiftUI.xcdatamodel */,
			);
			currentVersion = 8FA8979629F8D561000FE50C /* MemoSwiftUI.xcdatamodel */;
			path = MemoSwiftUI.xcdatamodeld;
			sourceTree = "<group>";
			versionGroupType = wrapper.xcdatamodel;
		};
/* End XCVersionGroup section */
	};
	rootObject = 8FA8977F29F8D55F000FE50C /* Project object */;
}
